{
  "name": "basic",
  "version": "1.0.0",
  "lockfileVersion": 2,
  "requires": true,
  "packages": {
    "": {
      "name": "basic",
      "version": "1.0.0",
      "license": "ISC",
      "dependencies": {
        "termii-nodejs-sdk": "file:../.."
      }
    },
    "../..": {
      "version": "1.0.0",
      "license": "ISC",
      "devDependencies": {
        "typescript": "^4.7.4"
      }
    },
    "node_modules/termii-nodejs-sdk": {
      "resolved": "../..",
      "link": true
    }
  },
  "dependencies": {
    "termii-nodejs-sdk": {
      "version": "file:../..",
      "requires": {
        "typescript": "^4.7.4"
      }
    }
  }
}
